
Microsoft Visual Studio Solution File, Format Version 12.00
# Visual Studio Version 16
VisualStudioVersion = 16.0.29709.97
MinimumVisualStudioVersion = 10.0.40219.1
Project("{FAE04EC0-301F-11D3-BF4B-00C04F79EFBC}") = "Diplom2", "Diplom2\Diplom2.csproj", "{EB11853F-BC51-49A1-B294-EEA21F41893B}"
EndProject
Global
	GlobalSection(SolutionConfigurationPlatforms) = preSolution
		Debug|Any CPU = Debug|Any CPU
		Release|Any CPU = Release|Any CPU
	EndGlobalSection
	GlobalSection(ProjectConfigurationPlatforms) = postSolution
		{EB11853F-BC51-49A1-B294-EEA21F41893B}.Debug|Any CPU.ActiveCfg = Debug|Any CPU
		{EB11853F-BC51-49A1-B294-EEA21F41893B}.Debug|Any CPU.Build.0 = Debug|Any CPU
		{EB11853F-BC51-49A1-B294-EEA21F41893B}.Release|Any CPU.ActiveCfg = Release|Any CPU
		{EB11853F-BC51-49A1-B294-EEA21F41893B}.Release|Any CPU.Build.0 = Release|Any CPU
	EndGlobalSection
	GlobalSection(SolutionProperties) = preSolution
		HideSolutionNode = FALSE
	EndGlobalSection
	GlobalSection(ExtensibilityGlobals) = postSolution
		SolutionGuid = {BCFD3084-FC12-4C1B-A17A-8B69345E24A6}
	EndGlobalSection
EndGlobal
